
Microsoft Visual Studio Solution File, Format Version 12.00
# Visual Studio Version 17
VisualStudioVersion = 17.5.33627.172
MinimumVisualStudioVersion = 10.0.40219.1
Project("{2150E333-8FDC-42A3-9474-1A3956D46DE8}") = "Services", "Services", "{A703348D-9C9B-43D3-9626-0C70C1C0DE00}"
EndProject
Project("{2150E333-8FDC-42A3-9474-1A3956D46DE8}") = "Catalog", "Catalog", "{EFD10952-66B2-43A9-8E75-40B824DB0B7E}"
EndProject
Project("{FAE04EC0-301F-11D3-BF4B-00C04F79EFBC}") = "Catalog.API", "Services\Catalog\Catalog.API\Catalog.API.csproj", "{3D042BBB-FD30-40AA-B22F-ABD18DE74B6B}"
EndProject
Global
	GlobalSection(SolutionConfigurationPlatforms) = preSolution
		Debug|Any CPU = Debug|Any CPU
		Release|Any CPU = Release|Any CPU
	EndGlobalSection
	GlobalSection(ProjectConfigurationPlatforms) = postSolution
		{3D042BBB-FD30-40AA-B22F-ABD18DE74B6B}.Debug|Any CPU.ActiveCfg = Debug|Any CPU
		{3D042BBB-FD30-40AA-B22F-ABD18DE74B6B}.Debug|Any CPU.Build.0 = Debug|Any CPU
		{3D042BBB-FD30-40AA-B22F-ABD18DE74B6B}.Release|Any CPU.ActiveCfg = Release|Any CPU
		{3D042BBB-FD30-40AA-B22F-ABD18DE74B6B}.Release|Any CPU.Build.0 = Release|Any CPU
	EndGlobalSection
	GlobalSection(SolutionProperties) = preSolution
		HideSolutionNode = FALSE
	EndGlobalSection
	GlobalSection(NestedProjects) = preSolution
		{EFD10952-66B2-43A9-8E75-40B824DB0B7E} = {A703348D-9C9B-43D3-9626-0C70C1C0DE00}
		{3D042BBB-FD30-40AA-B22F-ABD18DE74B6B} = {A703348D-9C9B-43D3-9626-0C70C1C0DE00}
	EndGlobalSection
	GlobalSection(ExtensibilityGlobals) = postSolution
		SolutionGuid = {3575DE02-6C30-4956-9F80-032D0190AC11}
	EndGlobalSection
EndGlobal
